
Microsoft Visual Studio Solution File, Format Version 12.00
# Visual Studio Version 17
VisualStudioVersion = 17.4.33213.308
MinimumVisualStudioVersion = 10.0.40219.1
Project("{FAE04EC0-301F-11D3-BF4B-00C04F79EFBC}") = "forCicle", "forCicle\forCicle.csproj", "{167A3C5E-93A2-46A8-88F5-5604A7F989D6}"
EndProject
Global
	GlobalSection(SolutionConfigurationPlatforms) = preSolution
		Debug|Any CPU = Debug|Any CPU
		Release|Any CPU = Release|Any CPU
	EndGlobalSection
	GlobalSection(ProjectConfigurationPlatforms) = postSolution
		{167A3C5E-93A2-46A8-88F5-5604A7F989D6}.Debug|Any CPU.ActiveCfg = Debug|Any CPU
		{167A3C5E-93A2-46A8-88F5-5604A7F989D6}.Debug|Any CPU.Build.0 = Debug|Any CPU
		{167A3C5E-93A2-46A8-88F5-5604A7F989D6}.Release|Any CPU.ActiveCfg = Release|Any CPU
		{167A3C5E-93A2-46A8-88F5-5604A7F989D6}.Release|Any CPU.Build.0 = Release|Any CPU
	EndGlobalSection
	GlobalSection(SolutionProperties) = preSolution
		HideSolutionNode = FALSE
	EndGlobalSection
	GlobalSection(ExtensibilityGlobals) = postSolution
		SolutionGuid = {6882A4B1-E276-4F82-960F-862D4F9CF868}
	EndGlobalSection
EndGlobal
